// !$*UTF8*$!
{
	archiveVersion = 1;
	classes = {
	};
	objectVersion = 46;
	objects = {

/* Begin PBXBuildFile section */
		3B598BE0559B759FBAF10AE5 /* libPods.a in Frameworks */ = {isa = PBXBuildFile; fileRef = B5283EA2020802E46A41D7C9 /* libPods.a */; };
		C36DB2051B1D5C440067CD00 /* BaseViewController.m in Sources */ = {isa = PBXBuildFile; fileRef = C36DB2041B1D5C440067CD00 /* BaseViewController.m */; };
		C36DB2081B1D5C680067CD00 /* BaseHeader.m in Sources */ = {isa = PBXBuildFile; fileRef = C36DB2071B1D5C680067CD00 /* BaseHeader.m */; };
		C36DB20B1B1D8BEE0067CD00 /* MainNavigationController.m in Sources */ = {isa = PBXBuildFile; fileRef = C36DB20A1B1D8BEE0067CD00 /* MainNavigationController.m */; };
		C37A72401B15C5540071F861 /* UIColor+HexString.m in Sources */ = {isa = PBXBuildFile; fileRef = C37A723F1B15C5540071F861 /* UIColor+HexString.m */; };
		C37A9A691B16C08C004DF68D /* libz.dylib in Frameworks */ = {isa = PBXBuildFile; fileRef = C37A9A671B16BCBB004DF68D /* libz.dylib */; };
		C3A9EF211AF86FAA00BE2C0D /* DetailViewController.m in Sources */ = {isa = PBXBuildFile; fileRef = C3A9EF201AF86FAA00BE2C0D /* DetailViewController.m */; };
		C3A9EF241AF8B48000BE2C0D /* LineTextView.m in Sources */ = {isa = PBXBuildFile; fileRef = C3A9EF231AF8B48000BE2C0D /* LineTextView.m */; };
		C3C8238F1B1BF9AA009BB9BF /* GroupTitleView.m in Sources */ = {isa = PBXBuildFile; fileRef = C3C8238D1B1BF9AA009BB9BF /* GroupTitleView.m */; };
		C3C823931B1C06A8009BB9BF /* AddTagController.m in Sources */ = {isa = PBXBuildFile; fileRef = C3C823921B1C06A8009BB9BF /* AddTagController.m */; };
		C3C823951B1C0C37009BB9BF /* arrow_down@2x.png in Resources */ = {isa = PBXBuildFile; fileRef = C3C823941B1C0C37009BB9BF /* arrow_down@2x.png */; };
		C3C8239B1B1C3AAF009BB9BF /* TagColors.plist in Resources */ = {isa = PBXBuildFile; fileRef = C3C8239A1B1C3AAF009BB9BF /* TagColors.plist */; };
		C3C8239E1B1C467B009BB9BF /* ColorCell.m in Sources */ = {isa = PBXBuildFile; fileRef = C3C8239D1B1C467B009BB9BF /* ColorCell.m */; };
		C3C823A01B1C46C7009BB9BF /* arrow_up@2x.png in Resources */ = {isa = PBXBuildFile; fileRef = C3C8239F1B1C46C7009BB9BF /* arrow_up@2x.png */; };
		C3D7304B1B193E1F009CE260 /* Tag.m in Sources */ = {isa = PBXBuildFile; fileRef = C3D7304A1B193E1F009CE260 /* Tag.m */; };
		C3D7304F1B19408E009CE260 /* AddNoteCell.m in Sources */ = {isa = PBXBuildFile; fileRef = C3D7304D1B19408E009CE260 /* AddNoteCell.m */; };
		C3D730501B19408E009CE260 /* AddNoteCell.xib in Resources */ = {isa = PBXBuildFile; fileRef = C3D7304E1B19408E009CE260 /* AddNoteCell.xib */; };
		C3D730571B1AD1E7009CE260 /* SettingViewController.m in Sources */ = {isa = PBXBuildFile; fileRef = C3D730561B1AD1E7009CE260 /* SettingViewController.m */; };
		C3D7305B1B1AD526009CE260 /* SettingCell.m in Sources */ = {isa = PBXBuildFile; fileRef = C3D730591B1AD526009CE260 /* SettingCell.m */; };
		C3D7305C1B1AD526009CE260 /* SettingCell.xib in Resources */ = {isa = PBXBuildFile; fileRef = C3D7305A1B1AD526009CE260 /* SettingCell.xib */; };
		C3D730661B1AD635009CE260 /* icon_title_back_press@2x.png in Resources */ = {isa = PBXBuildFile; fileRef = C3D730641B1AD635009CE260 /* icon_title_back_press@2x.png */; };
		C3D730681B1AD8BC009CE260 /* icon_title_back_normal@2x.png in Resources */ = {isa = PBXBuildFile; fileRef = C3D730671B1AD8BC009CE260 /* icon_title_back_normal@2x.png */; };
		C3D7306A1B1AD97B009CE260 /* icon_list_more@2x.png in Resources */ = {isa = PBXBuildFile; fileRef = C3D730691B1AD97B009CE260 /* icon_list_more@2x.png */; };
		C3D7306C1B1ADF2A009CE260 /* line_title@2x.png in Resources */ = {isa = PBXBuildFile; fileRef = C3D7306B1B1ADF2A009CE260 /* line_title@2x.png */; };
		C3D730701B1B449B009CE260 /* TagListController.m in Sources */ = {isa = PBXBuildFile; fileRef = C3D7306F1B1B449B009CE260 /* TagListController.m */; };
		C3D730741B1B4FF1009CE260 /* TagViewCell.m in Sources */ = {isa = PBXBuildFile; fileRef = C3D730721B1B4FF1009CE260 /* TagViewCell.m */; };
		C3D730751B1B4FF1009CE260 /* TagViewCell.xib in Resources */ = {isa = PBXBuildFile; fileRef = C3D730731B1B4FF1009CE260 /* TagViewCell.xib */; };
		C3E8DD641AF7687E00329720 /* main.m in Sources */ = {isa = PBXBuildFile; fileRef = C3E8DD631AF7687E00329720 /* main.m */; };
		C3E8DD671AF7687E00329720 /* AppDelegate.m in Sources */ = {isa = PBXBuildFile; fileRef = C3E8DD661AF7687E00329720 /* AppDelegate.m */; };
		C3E8DD6A1AF7687E00329720 /* ViewController.m in Sources */ = {isa = PBXBuildFile; fileRef = C3E8DD691AF7687E00329720 /* ViewController.m */; };
		C3E8DD6D1AF7687E00329720 /* Main.storyboard in Resources */ = {isa = PBXBuildFile; fileRef = C3E8DD6B1AF7687E00329720 /* Main.storyboard */; };
		C3E8DD6F1AF7687E00329720 /* Images.xcassets in Resources */ = {isa = PBXBuildFile; fileRef = C3E8DD6E1AF7687E00329720 /* Images.xcassets */; };
		C3E8DD721AF7687E00329720 /* LaunchScreen.xib in Resources */ = {isa = PBXBuildFile; fileRef = C3E8DD701AF7687E00329720 /* LaunchScreen.xib */; };
		C3E8DD8B1AF777C900329720 /* NoteManager.m in Sources */ = {isa = PBXBuildFile; fileRef = C3E8DD8A1AF777C900329720 /* NoteManager.m */; };
		C3E8DD8D1AF77A3D00329720 /* libsqlite3.dylib in Frameworks */ = {isa = PBXBuildFile; fileRef = C3E8DD8C1AF77A3D00329720 /* libsqlite3.dylib */; };
		C3FABE381AF793A400574765 /* Note.m in Sources */ = {isa = PBXBuildFile; fileRef = C3FABE371AF793A400574765 /* Note.m */; };
		C3FABE411AF7BCFA00574765 /* NoteCell.m in Sources */ = {isa = PBXBuildFile; fileRef = C3FABE3F1AF7BCFA00574765 /* NoteCell.m */; };
		C3FABE421AF7BCFA00574765 /* NoteCell.xib in Resources */ = {isa = PBXBuildFile; fileRef = C3FABE401AF7BCFA00574765 /* NoteCell.xib */; };
/* End PBXBuildFile section */

/* Begin PBXFileReference section */
		649A68E34DC9CF88E6BB57C8 /* Pods.debug.xcconfig */ = {isa = PBXFileReference; includeInIndex = 1; lastKnownFileType = text.xcconfig; name = Pods.debug.xcconfig; path = "Pods/Target Support Files/Pods/Pods.debug.xcconfig"; sourceTree = "<group>"; };
		6AE6686FD8519C66152B8BE2 /* Pods.release.xcconfig */ = {isa = PBXFileReference; includeInIndex = 1; lastKnownFileType = text.xcconfig; name = Pods.release.xcconfig; path = "Pods/Target Support Files/Pods/Pods.release.xcconfig"; sourceTree = "<group>"; };
		B5283EA2020802E46A41D7C9 /* libPods.a */ = {isa = PBXFileReference; explicitFileType = archive.ar; includeInIndex = 0; path = libPods.a; sourceTree = BUILT_PRODUCTS_DIR; };
		C36DB2031B1D5C440067CD00 /* BaseViewController.h */ = {isa = PBXFileReference; fileEncoding = 4; lastKnownFileType = sourcecode.c.h; name = BaseViewController.h; path = Base/BaseViewController.h; sourceTree = "<group>"; };
		C36DB2041B1D5C440067CD00 /* BaseViewController.m */ = {isa = PBXFileReference; fileEncoding = 4; lastKnownFileType = sourcecode.c.objc; name = BaseViewController.m; path = Base/BaseViewController.m; sourceTree = "<group>"; };
		C36DB2061B1D5C680067CD00 /* BaseHeader.h */ = {isa = PBXFileReference; fileEncoding = 4; lastKnownFileType = sourcecode.c.h; path = BaseHeader.h; sourceTree = "<group>"; };
		C36DB2071B1D5C680067CD00 /* BaseHeader.m */ = {isa = PBXFileReference; fileEncoding = 4; lastKnownFileType = sourcecode.c.objc; path = BaseHeader.m; sourceTree = "<group>"; };
		C36DB2091B1D8BEE0067CD00 /* MainNavigationController.h */ = {isa = PBXFileReference; fileEncoding = 4; lastKnownFileType = sourcecode.c.h; path = MainNavigationController.h; sourceTree = "<group>"; };
		C36DB20A1B1D8BEE0067CD00 /* MainNavigationController.m */ = {isa = PBXFileReference; fileEncoding = 4; lastKnownFileType = sourcecode.c.objc; path = MainNavigationController.m; sourceTree = "<group>"; };
		C37A723E1B15C5540071F861 /* UIColor+HexString.h */ = {isa = PBXFileReference; fileEncoding = 4; lastKnownFileType = sourcecode.c.h; name = "UIColor+HexString.h"; path = "Utils/UIColor+HexString.h"; sourceTree = "<group>"; };
		C37A723F1B15C5540071F861 /* UIColor+HexString.m */ = {isa = PBXFileReference; fileEncoding = 4; lastKnownFileType = sourcecode.c.objc; name = "UIColor+HexString.m"; path = "Utils/UIColor+HexString.m"; sourceTree = "<group>"; };
		C37A9A671B16BCBB004DF68D /* libz.dylib */ = {isa = PBXFileReference; lastKnownFileType = "compiled.mach-o.dylib"; name = libz.dylib; path = usr/lib/libz.dylib; sourceTree = SDKROOT; };
		C3A9EF1F1AF86FAA00BE2C0D /* DetailViewController.h */ = {isa = PBXFileReference; fileEncoding = 4; lastKnownFileType = sourcecode.c.h; path = DetailViewController.h; sourceTree = "<group>"; };
		C3A9EF201AF86FAA00BE2C0D /* DetailViewController.m */ = {isa = PBXFileReference; fileEncoding = 4; lastKnownFileType = sourcecode.c.objc; path = DetailViewController.m; sourceTree = "<group>"; };
		C3A9EF221AF8B48000BE2C0D /* LineTextView.h */ = {isa = PBXFileReference; fileEncoding = 4; lastKnownFileType = sourcecode.c.h; path = LineTextView.h; sourceTree = "<group>"; };
		C3A9EF231AF8B48000BE2C0D /* LineTextView.m */ = {isa = PBXFileReference; fileEncoding = 4; lastKnownFileType = sourcecode.c.objc; path = LineTextView.m; sourceTree = "<group>"; };
		C3C8238C1B1BF9AA009BB9BF /* GroupTitleView.h */ = {isa = PBXFileReference; fileEncoding = 4; lastKnownFileType = sourcecode.c.h; path = GroupTitleView.h; sourceTree = "<group>"; };
		C3C8238D1B1BF9AA009BB9BF /* GroupTitleView.m */ = {isa = PBXFileReference; fileEncoding = 4; lastKnownFileType = sourcecode.c.objc; path = GroupTitleView.m; sourceTree = "<group>"; };
		C3C823911B1C06A8009BB9BF /* AddTagController.h */ = {isa = PBXFileReference; fileEncoding = 4; lastKnownFileType = sourcecode.c.h; path = AddTagController.h; sourceTree = "<group>"; };
		C3C823921B1C06A8009BB9BF /* AddTagController.m */ = {isa = PBXFileReference; fileEncoding = 4; lastKnownFileType = sourcecode.c.objc; path = AddTagController.m; sourceTree = "<group>"; };
		C3C823941B1C0C37009BB9BF /* arrow_down@2x.png */ = {isa = PBXFileReference; lastKnownFileType = image.png; name = "arrow_down@2x.png"; path = "images/arrow_down@2x.png"; sourceTree = "<group>"; };
		C3C8239A1B1C3AAF009BB9BF /* TagColors.plist */ = {isa = PBXFileReference; fileEncoding = 4; lastKnownFileType = text.plist.xml; path = TagColors.plist; sourceTree = "<group>"; };
		C3C8239C1B1C467B009BB9BF /* ColorCell.h */ = {isa = PBXFileReference; fileEncoding = 4; lastKnownFileType = sourcecode.c.h; path = ColorCell.h; sourceTree = "<group>"; };
		C3C8239D1B1C467B009BB9BF /* ColorCell.m */ = {isa = PBXFileReference; fileEncoding = 4; lastKnownFileType = sourcecode.c.objc; path = ColorCell.m; sourceTree = "<group>"; };
		C3C8239F1B1C46C7009BB9BF /* arrow_up@2x.png */ = {isa = PBXFileReference; lastKnownFileType = image.png; name = "arrow_up@2x.png"; path = "images/arrow_up@2x.png"; sourceTree = "<group>"; };
		C3D730491B193E1F009CE260 /* Tag.h */ = {isa = PBXFileReference; fileEncoding = 4; lastKnownFileType = sourcecode.c.h; path = Tag.h; sourceTree = "<group>"; };
		C3D7304A1B193E1F009CE260 /* Tag.m */ = {isa = PBXFileReference; fileEncoding = 4; lastKnownFileType = sourcecode.c.objc; path = Tag.m; sourceTree = "<group>"; };
		C3D7304C1B19408E009CE260 /* AddNoteCell.h */ = {isa = PBXFileReference; fileEncoding = 4; lastKnownFileType = sourcecode.c.h; path = AddNoteCell.h; sourceTree = "<group>"; };
		C3D7304D1B19408E009CE260 /* AddNoteCell.m */ = {isa = PBXFileReference; fileEncoding = 4; lastKnownFileType = sourcecode.c.objc; path = AddNoteCell.m; sourceTree = "<group>"; };
		C3D7304E1B19408E009CE260 /* AddNoteCell.xib */ = {isa = PBXFileReference; fileEncoding = 4; lastKnownFileType = file.xib; path = AddNoteCell.xib; sourceTree = "<group>"; };
		C3D730551B1AD1E7009CE260 /* SettingViewController.h */ = {isa = PBXFileReference; fileEncoding = 4; lastKnownFileType = sourcecode.c.h; path = SettingViewController.h; sourceTree = "<group>"; };
		C3D730561B1AD1E7009CE260 /* SettingViewController.m */ = {isa = PBXFileReference; fileEncoding = 4; lastKnownFileType = sourcecode.c.objc; path = SettingViewController.m; sourceTree = "<group>"; };
		C3D730581B1AD526009CE260 /* SettingCell.h */ = {isa = PBXFileReference; fileEncoding = 4; lastKnownFileType = sourcecode.c.h; path = SettingCell.h; sourceTree = "<group>"; };
		C3D730591B1AD526009CE260 /* SettingCell.m */ = {isa = PBXFileReference; fileEncoding = 4; lastKnownFileType = sourcecode.c.objc; path = SettingCell.m; sourceTree = "<group>"; };
		C3D7305A1B1AD526009CE260 /* SettingCell.xib */ = {isa = PBXFileReference; fileEncoding = 4; lastKnownFileType = file.xib; path = SettingCell.xib; sourceTree = "<group>"; };
		C3D730641B1AD635009CE260 /* icon_title_back_press@2x.png */ = {isa = PBXFileReference; lastKnownFileType = image.png; name = "icon_title_back_press@2x.png"; path = "images/icon_title_back_press@2x.png"; sourceTree = "<group>"; };
		C3D730671B1AD8BC009CE260 /* icon_title_back_normal@2x.png */ = {isa = PBXFileReference; lastKnownFileType = image.png; name = "icon_title_back_normal@2x.png"; path = "images/icon_title_back_normal@2x.png"; sourceTree = "<group>"; };
		C3D730691B1AD97B009CE260 /* icon_list_more@2x.png */ = {isa = PBXFileReference; lastKnownFileType = image.png; name = "icon_list_more@2x.png"; path = "images/icon_list_more@2x.png"; sourceTree = "<group>"; };
		C3D7306B1B1ADF2A009CE260 /* line_title@2x.png */ = {isa = PBXFileReference; lastKnownFileType = image.png; name = "line_title@2x.png"; path = "images/line_title@2x.png"; sourceTree = "<group>"; };
		C3D7306E1B1B449B009CE260 /* TagListController.h */ = {isa = PBXFileReference; fileEncoding = 4; lastKnownFileType = sourcecode.c.h; path = TagListController.h; sourceTree = "<group>"; };
		C3D7306F1B1B449B009CE260 /* TagListController.m */ = {isa = PBXFileReference; fileEncoding = 4; lastKnownFileType = sourcecode.c.objc; path = TagListController.m; sourceTree = "<group>"; };
		C3D730711B1B4FF1009CE260 /* TagViewCell.h */ = {isa = PBXFileReference; fileEncoding = 4; lastKnownFileType = sourcecode.c.h; path = TagViewCell.h; sourceTree = "<group>"; };
		C3D730721B1B4FF1009CE260 /* TagViewCell.m */ = {isa = PBXFileReference; fileEncoding = 4; lastKnownFileType = sourcecode.c.objc; path = TagViewCell.m; sourceTree = "<group>"; };
		C3D730731B1B4FF1009CE260 /* TagViewCell.xib */ = {isa = PBXFileReference; fileEncoding = 4; lastKnownFileType = file.xib; path = TagViewCell.xib; sourceTree = "<group>"; };
		C3E8DD5E1AF7687E00329720 /* MinimalNote.app */ = {isa = PBXFileReference; explicitFileType = wrapper.application; includeInIndex = 0; path = MinimalNote.app; sourceTree = BUILT_PRODUCTS_DIR; };
		C3E8DD621AF7687E00329720 /* Info.plist */ = {isa = PBXFileReference; lastKnownFileType = text.plist.xml; path = Info.plist; sourceTree = "<group>"; };
		C3E8DD631AF7687E00329720 /* main.m */ = {isa = PBXFileReference; lastKnownFileType = sourcecode.c.objc; path = main.m; sourceTree = "<group>"; };
		C3E8DD651AF7687E00329720 /* AppDelegate.h */ = {isa = PBXFileReference; lastKnownFileType = sourcecode.c.h; path = AppDelegate.h; sourceTree = "<group>"; };
		C3E8DD661AF7687E00329720 /* AppDelegate.m */ = {isa = PBXFileReference; lastKnownFileType = sourcecode.c.objc; path = AppDelegate.m; sourceTree = "<group>"; };
		C3E8DD681AF7687E00329720 /* ViewController.h */ = {isa = PBXFileReference; lastKnownFileType = sourcecode.c.h; path = ViewController.h; sourceTree = "<group>"; };
		C3E8DD691AF7687E00329720 /* ViewController.m */ = {isa = PBXFileReference; lastKnownFileType = sourcecode.c.objc; path = ViewController.m; sourceTree = "<group>"; };
		C3E8DD6C1AF7687E00329720 /* Base */ = {isa = PBXFileReference; lastKnownFileType = file.storyboard; name = Base; path = Base.lproj/Main.storyboard; sourceTree = "<group>"; };
		C3E8DD6E1AF7687E00329720 /* Images.xcassets */ = {isa = PBXFileReference; lastKnownFileType = folder.assetcatalog; path = Images.xcassets; sourceTree = "<group>"; };
		C3E8DD711AF7687E00329720 /* Base */ = {isa = PBXFileReference; lastKnownFileType = file.xib; name = Base; path = Base.lproj/LaunchScreen.xib; sourceTree = "<group>"; };
		C3E8DD891AF777C900329720 /* NoteManager.h */ = {isa = PBXFileReference; fileEncoding = 4; lastKnownFileType = sourcecode.c.h; path = NoteManager.h; sourceTree = "<group>"; };
		C3E8DD8A1AF777C900329720 /* NoteManager.m */ = {isa = PBXFileReference; fileEncoding = 4; lastKnownFileType = sourcecode.c.objc; path = NoteManager.m; sourceTree = "<group>"; };
		C3E8DD8C1AF77A3D00329720 /* libsqlite3.dylib */ = {isa = PBXFileReference; lastKnownFileType = "compiled.mach-o.dylib"; name = libsqlite3.dylib; path = usr/lib/libsqlite3.dylib; sourceTree = SDKROOT; };
		C3FABE361AF793A400574765 /* Note.h */ = {isa = PBXFileReference; fileEncoding = 4; lastKnownFileType = sourcecode.c.h; path = Note.h; sourceTree = "<group>"; };
		C3FABE371AF793A400574765 /* Note.m */ = {isa = PBXFileReference; fileEncoding = 4; lastKnownFileType = sourcecode.c.objc; path = Note.m; sourceTree = "<group>"; };
		C3FABE3E1AF7BCFA00574765 /* NoteCell.h */ = {isa = PBXFileReference; fileEncoding = 4; lastKnownFileType = sourcecode.c.h; path = NoteCell.h; sourceTree = "<group>"; };
		C3FABE3F1AF7BCFA00574765 /* NoteCell.m */ = {isa = PBXFileReference; fileEncoding = 4; lastKnownFileType = sourcecode.c.objc; path = NoteCell.m; sourceTree = "<group>"; };
		C3FABE401AF7BCFA00574765 /* NoteCell.xib */ = {isa = PBXFileReference; fileEncoding = 4; lastKnownFileType = file.xib; path = NoteCell.xib; sourceTree = "<group>"; };
/* End PBXFileReference section */

/* Begin PBXFrameworksBuildPhase section */
		C3E8DD5B1AF7687E00329720 /* Frameworks */ = {
			isa = PBXFrameworksBuildPhase;
			buildActionMask = 2147483647;
			files = (
				C37A9A691B16C08C004DF68D /* libz.dylib in Frameworks */,
				C3E8DD8D1AF77A3D00329720 /* libsqlite3.dylib in Frameworks */,
				3B598BE0559B759FBAF10AE5 /* libPods.a in Frameworks */,
			);
			runOnlyForDeploymentPostprocessing = 0;
		};
/* End PBXFrameworksBuildPhase section */

/* Begin PBXGroup section */
		C36DB1FD1B1D5B6C0067CD00 /* Base */ = {
			isa = PBXGroup;
			children = (
				C36DB2031B1D5C440067CD00 /* BaseViewController.h */,
				C36DB2041B1D5C440067CD00 /* BaseViewController.m */,
				C36DB2061B1D5C680067CD00 /* BaseHeader.h */,
				C36DB2071B1D5C680067CD00 /* BaseHeader.m */,
				C36DB2091B1D8BEE0067CD00 /* MainNavigationController.h */,
				C36DB20A1B1D8BEE0067CD00 /* MainNavigationController.m */,
			);
			name = Base;
			sourceTree = "<group>";
		};
		C37A723D1B15C5440071F861 /* Utils */ = {
			isa = PBXGroup;
			children = (
				C37A723E1B15C5540071F861 /* UIColor+HexString.h */,
				C37A723F1B15C5540071F861 /* UIColor+HexString.m */,
			);
			name = Utils;
			sourceTree = "<group>";
		};
		C3A9EF1D1AF86F1800BE2C0D /* List */ = {
			isa = PBXGroup;
			children = (
				C3E8DD681AF7687E00329720 /* ViewController.h */,
				C3E8DD691AF7687E00329720 /* ViewController.m */,
				C3FABE3E1AF7BCFA00574765 /* NoteCell.h */,
				C3FABE3F1AF7BCFA00574765 /* NoteCell.m */,
				C3FABE401AF7BCFA00574765 /* NoteCell.xib */,
				C3D7304C1B19408E009CE260 /* AddNoteCell.h */,
				C3D7304D1B19408E009CE260 /* AddNoteCell.m */,
				C3D7304E1B19408E009CE260 /* AddNoteCell.xib */,
			);
			name = List;
			sourceTree = "<group>";
		};
		C3A9EF1E1AF86F2500BE2C0D /* Detail */ = {
			isa = PBXGroup;
			children = (
				C3A9EF1F1AF86FAA00BE2C0D /* DetailViewController.h */,
				C3A9EF201AF86FAA00BE2C0D /* DetailViewController.m */,
				C3A9EF221AF8B48000BE2C0D /* LineTextView.h */,
				C3A9EF231AF8B48000BE2C0D /* LineTextView.m */,
			);
			name = Detail;
			sourceTree = "<group>";
		};
		C3D730511B1ACF34009CE260 /* Setting */ = {
			isa = PBXGroup;
			children = (
				C3D730551B1AD1E7009CE260 /* SettingViewController.h */,
				C3D730561B1AD1E7009CE260 /* SettingViewController.m */,
				C3D730581B1AD526009CE260 /* SettingCell.h */,
				C3D730591B1AD526009CE260 /* SettingCell.m */,
				C3D7305A1B1AD526009CE260 /* SettingCell.xib */,
			);
			name = Setting;
			sourceTree = "<group>";
		};
		C3D7305E1B1AD5E1009CE260 /* Images */ = {
			isa = PBXGroup;
			children = (
				C3C8239F1B1C46C7009BB9BF /* arrow_up@2x.png */,
				C3C823941B1C0C37009BB9BF /* arrow_down@2x.png */,
				C3D7306B1B1ADF2A009CE260 /* line_title@2x.png */,
				C3D730671B1AD8BC009CE260 /* icon_title_back_normal@2x.png */,
				C3D730641B1AD635009CE260 /* icon_title_back_press@2x.png */,
				C3D730691B1AD97B009CE260 /* icon_list_more@2x.png */,
			);
			name = Images;
			sourceTree = "<group>";
		};
		C3D7306D1B1B3DB3009CE260 /* TagList */ = {
			isa = PBXGroup;
			children = (
				C3D7306E1B1B449B009CE260 /* TagListController.h */,
				C3D7306F1B1B449B009CE260 /* TagListController.m */,
				C3D730711B1B4FF1009CE260 /* TagViewCell.h */,
				C3D730721B1B4FF1009CE260 /* TagViewCell.m */,
				C3D730731B1B4FF1009CE260 /* TagViewCell.xib */,
				C3C8238C1B1BF9AA009BB9BF /* GroupTitleView.h */,
				C3C8238D1B1BF9AA009BB9BF /* GroupTitleView.m */,
				C3C823911B1C06A8009BB9BF /* AddTagController.h */,
				C3C823921B1C06A8009BB9BF /* AddTagController.m */,
				C3C8239C1B1C467B009BB9BF /* ColorCell.h */,
				C3C8239D1B1C467B009BB9BF /* ColorCell.m */,
			);
			name = TagList;
			sourceTree = "<group>";
		};
		C3E8DD551AF7687E00329720 = {
			isa = PBXGroup;
			children = (
				C3E8DD601AF7687E00329720 /* MinimalNote */,
				C3E8DD5F1AF7687E00329720 /* Products */,
				C5C6ECC1FF0C6E09AE604824 /* Pods */,
				E37466CD9307D1C2DC3F5E71 /* Frameworks */,
			);
			sourceTree = "<group>";
		};
		C3E8DD5F1AF7687E00329720 /* Products */ = {
			isa = PBXGroup;
			children = (
				C3E8DD5E1AF7687E00329720 /* MinimalNote.app */,
			);
			name = Products;
			sourceTree = "<group>";
		};
		C3E8DD601AF7687E00329720 /* MinimalNote */ = {
			isa = PBXGroup;
			children = (
				C36DB1FD1B1D5B6C0067CD00 /* Base */,
				C37A723D1B15C5440071F861 /* Utils */,
				C3E8DD881AF777AE00329720 /* ui */,
				C3E8DD871AF777A400329720 /* manager */,
				C3D7305E1B1AD5E1009CE260 /* Images */,
				C3E8DD651AF7687E00329720 /* AppDelegate.h */,
				C3E8DD661AF7687E00329720 /* AppDelegate.m */,
				C3E8DD6B1AF7687E00329720 /* Main.storyboard */,
				C3E8DD6E1AF7687E00329720 /* Images.xcassets */,
				C3E8DD701AF7687E00329720 /* LaunchScreen.xib */,
				C3E8DD611AF7687E00329720 /* Supporting Files */,
			);
			path = MinimalNote;
			sourceTree = "<group>";
		};
		C3E8DD611AF7687E00329720 /* Supporting Files */ = {
			isa = PBXGroup;
			children = (
				C3E8DD621AF7687E00329720 /* Info.plist */,
				C3E8DD631AF7687E00329720 /* main.m */,
				C3C8239A1B1C3AAF009BB9BF /* TagColors.plist */,
			);
			name = "Supporting Files";
			sourceTree = "<group>";
		};
		C3E8DD871AF777A400329720 /* manager */ = {
			isa = PBXGroup;
			children = (
				C3E8DD891AF777C900329720 /* NoteManager.h */,
				C3E8DD8A1AF777C900329720 /* NoteManager.m */,
				C3FABE361AF793A400574765 /* Note.h */,
				C3FABE371AF793A400574765 /* Note.m */,
				C3D730491B193E1F009CE260 /* Tag.h */,
				C3D7304A1B193E1F009CE260 /* Tag.m */,
			);
			name = manager;
			sourceTree = "<group>";
		};
		C3E8DD881AF777AE00329720 /* ui */ = {
			isa = PBXGroup;
			children = (
				C3D7306D1B1B3DB3009CE260 /* TagList */,
				C3D730511B1ACF34009CE260 /* Setting */,
				C3A9EF1E1AF86F2500BE2C0D /* Detail */,
				C3A9EF1D1AF86F1800BE2C0D /* List */,
			);
			name = ui;
			sourceTree = "<group>";
		};
		C5C6ECC1FF0C6E09AE604824 /* Pods */ = {
			isa = PBXGroup;
			children = (
				649A68E34DC9CF88E6BB57C8 /* Pods.debug.xcconfig */,
				6AE6686FD8519C66152B8BE2 /* Pods.release.xcconfig */,
			);
			name = Pods;
			sourceTree = "<group>";
		};
		E37466CD9307D1C2DC3F5E71 /* Frameworks */ = {
			isa = PBXGroup;
			children = (
				C37A9A671B16BCBB004DF68D /* libz.dylib */,
				C3E8DD8C1AF77A3D00329720 /* libsqlite3.dylib */,
				B5283EA2020802E46A41D7C9 /* libPods.a */,
			);
			name = Frameworks;
			sourceTree = "<group>";
		};
/* End PBXGroup section */

/* Begin PBXNativeTarget section */
		C3E8DD5D1AF7687E00329720 /* MinimalNote */ = {
			isa = PBXNativeTarget;
			buildConfigurationList = C3E8DD811AF7687E00329720 /* Build configuration list for PBXNativeTarget "MinimalNote" */;
			buildPhases = (
				62AA210A47C853AD83CA54F5 /* Check Pods Manifest.lock */,
				C3E8DD5A1AF7687E00329720 /* Sources */,
				C3E8DD5B1AF7687E00329720 /* Frameworks */,
				C3E8DD5C1AF7687E00329720 /* Resources */,
				2F2AA77722F7262EA38B463B /* Copy Pods Resources */,
			);
			buildRules = (
			);
			dependencies = (
			);
			name = MinimalNote;
			productName = MinimalNote;
			productReference = C3E8DD5E1AF7687E00329720 /* MinimalNote.app */;
			productType = "com.apple.product-type.application";
		};
/* End PBXNativeTarget section */

/* Begin PBXProject section */
		C3E8DD561AF7687E00329720 /* Project object */ = {
			isa = PBXProject;
			attributes = {
				LastUpgradeCheck = 0630;
				ORGANIZATIONNAME = "Carl Li";
				TargetAttributes = {
					C3E8DD5D1AF7687E00329720 = {
						CreatedOnToolsVersion = 6.3;
						DevelopmentTeam = 89HVA8RN53;
					};
				};
			};
			buildConfigurationList = C3E8DD591AF7687E00329720 /* Build configuration list for PBXProject "MinimalNote" */;
			compatibilityVersion = "Xcode 3.2";
			developmentRegion = English;
			hasScannedForEncodings = 0;
			knownRegions = (
				en,
				Base,
			);
			mainGroup = C3E8DD551AF7687E00329720;
			productRefGroup = C3E8DD5F1AF7687E00329720 /* Products */;
			projectDirPath = "";
			projectRoot = "";
			targets = (
				C3E8DD5D1AF7687E00329720 /* MinimalNote */,
			);
		};
/* End PBXProject section */

/* Begin PBXResourcesBuildPhase section */
		C3E8DD5C1AF7687E00329720 /* Resources */ = {
			isa = PBXResourcesBuildPhase;
			buildActionMask = 2147483647;
			files = (
				C3C8239B1B1C3AAF009BB9BF /* TagColors.plist in Resources */,
				C3E8DD6D1AF7687E00329720 /* Main.storyboard in Resources */,
				C3D730501B19408E009CE260 /* AddNoteCell.xib in Resources */,
				C3E8DD721AF7687E00329720 /* LaunchScreen.xib in Resources */,
				C3E8DD6F1AF7687E00329720 /* Images.xcassets in Resources */,
				C3C823951B1C0C37009BB9BF /* arrow_down@2x.png in Resources */,
				C3D730751B1B4FF1009CE260 /* TagViewCell.xib in Resources */,
				C3D730681B1AD8BC009CE260 /* icon_title_back_normal@2x.png in Resources */,
				C3D7305C1B1AD526009CE260 /* SettingCell.xib in Resources */,
				C3FABE421AF7BCFA00574765 /* NoteCell.xib in Resources */,
				C3D7306C1B1ADF2A009CE260 /* line_title@2x.png in Resources */,
				C3D7306A1B1AD97B009CE260 /* icon_list_more@2x.png in Resources */,
				C3D730661B1AD635009CE260 /* icon_title_back_press@2x.png in Resources */,
				C3C823A01B1C46C7009BB9BF /* arrow_up@2x.png in Resources */,
			);
			runOnlyForDeploymentPostprocessing = 0;
		};
/* End PBXResourcesBuildPhase section */

/* Begin PBXShellScriptBuildPhase section */
		2F2AA77722F7262EA38B463B /* Copy Pods Resources */ = {
			isa = PBXShellScriptBuildPhase;
			buildActionMask = 2147483647;
			files = (
			);
			inputPaths = (
			);
			name = "Copy Pods Resources";
			outputPaths = (
			);
			runOnlyForDeploymentPostprocessing = 0;
			shellPath = /bin/sh;
			shellScript = "\"${SRCROOT}/Pods/Target Support Files/Pods/Pods-resources.sh\"\n";
			showEnvVarsInLog = 0;
		};
		62AA210A47C853AD83CA54F5 /* Check Pods Manifest.lock */ = {
			isa = PBXShellScriptBuildPhase;
			buildActionMask = 2147483647;
			files = (
			);
			inputPaths = (
			);
			name = "Check Pods Manifest.lock";
			outputPaths = (
			);
			runOnlyForDeploymentPostprocessing = 0;
			shellPath = /bin/sh;
			shellScript = "diff \"${PODS_ROOT}/../Podfile.lock\" \"${PODS_ROOT}/Manifest.lock\" > /dev/null\nif [[ $? != 0 ]] ; then\n    cat << EOM\nerror: The sandbox is not in sync with the Podfile.lock. Run 'pod install' or update your CocoaPods installation.\nEOM\n    exit 1\nfi\n";
			showEnvVarsInLog = 0;
		};
/* End PBXShellScriptBuildPhase section */

/* Begin PBXSourcesBuildPhase section */
		C3E8DD5A1AF7687E00329720 /* Sources */ = {
			isa = PBXSourcesBuildPhase;
			buildActionMask = 2147483647;
			files = (
				C36DB2051B1D5C440067CD00 /* BaseViewController.m in Sources */,
				C3FABE381AF793A400574765 /* Note.m in Sources */,
				C3A9EF241AF8B48000BE2C0D /* LineTextView.m in Sources */,
				C3FABE411AF7BCFA00574765 /* NoteCell.m in Sources */,
				C37A72401B15C5540071F861 /* UIColor+HexString.m in Sources */,
				C3D7304B1B193E1F009CE260 /* Tag.m in Sources */,
				C3C8239E1B1C467B009BB9BF /* ColorCell.m in Sources */,
				C3C8238F1B1BF9AA009BB9BF /* GroupTitleView.m in Sources */,
				C3E8DD6A1AF7687E00329720 /* ViewController.m in Sources */,
				C3E8DD8B1AF777C900329720 /* NoteManager.m in Sources */,
				C3E8DD671AF7687E00329720 /* AppDelegate.m in Sources */,
				C36DB20B1B1D8BEE0067CD00 /* MainNavigationController.m in Sources */,
				C3E8DD641AF7687E00329720 /* main.m in Sources */,
				C3A9EF211AF86FAA00BE2C0D /* DetailViewController.m in Sources */,
				C3D730701B1B449B009CE260 /* TagListController.m in Sources */,
				C3D7305B1B1AD526009CE260 /* SettingCell.m in Sources */,
				C3D7304F1B19408E009CE260 /* AddNoteCell.m in Sources */,
				C3D730571B1AD1E7009CE260 /* SettingViewController.m in Sources */,
				C3C823931B1C06A8009BB9BF /* AddTagController.m in Sources */,
				C3D730741B1B4FF1009CE260 /* TagViewCell.m in Sources */,
				C36DB2081B1D5C680067CD00 /* BaseHeader.m in Sources */,
			);
			runOnlyForDeploymentPostprocessing = 0;
		};
/* End PBXSourcesBuildPhase section */

/* Begin PBXVariantGroup section */
		C3E8DD6B1AF7687E00329720 /* Main.storyboard */ = {
			isa = PBXVariantGroup;
			children = (
				C3E8DD6C1AF7687E00329720 /* Base */,
			);
			name = Main.storyboard;
			sourceTree = "<group>";
		};
		C3E8DD701AF7687E00329720 /* LaunchScreen.xib */ = {
			isa = PBXVariantGroup;
			children = (
				C3E8DD711AF7687E00329720 /* Base */,
			);
			name = LaunchScreen.xib;
			sourceTree = "<group>";
		};
/* End PBXVariantGroup section */

/* Begin XCBuildConfiguration section */
		C3E8DD7F1AF7687E00329720 /* Debug */ = {
			isa = XCBuildConfiguration;
			buildSettings = {
				ALWAYS_SEARCH_USER_PATHS = NO;
				CLANG_CXX_LANGUAGE_STANDARD = "gnu++0x";
				CLANG_CXX_LIBRARY = "libc++";
				CLANG_ENABLE_MODULES = YES;
				CLANG_ENABLE_OBJC_ARC = YES;
				CLANG_WARN_BOOL_CONVERSION = YES;
				CLANG_WARN_CONSTANT_CONVERSION = YES;
				CLANG_WARN_DIRECT_OBJC_ISA_USAGE = YES_ERROR;
				CLANG_WARN_EMPTY_BODY = YES;
				CLANG_WARN_ENUM_CONVERSION = YES;
				CLANG_WARN_INT_CONVERSION = YES;
				CLANG_WARN_OBJC_ROOT_CLASS = YES_ERROR;
				CLANG_WARN_UNREACHABLE_CODE = YES;
				CLANG_WARN__DUPLICATE_METHOD_MATCH = YES;
				"CODE_SIGN_IDENTITY[sdk=iphoneos*]" = "iPhone Developer";
				COPY_PHASE_STRIP = NO;
				DEBUG_INFORMATION_FORMAT = "dwarf-with-dsym";
				ENABLE_STRICT_OBJC_MSGSEND = YES;
				GCC_C_LANGUAGE_STANDARD = gnu99;
				GCC_DYNAMIC_NO_PIC = NO;
				GCC_NO_COMMON_BLOCKS = YES;
				GCC_OPTIMIZATION_LEVEL = 0;
				GCC_PREPROCESSOR_DEFINITIONS = (
					"DEBUG=1",
					"$(inherited)",
				);
				GCC_SYMBOLS_PRIVATE_EXTERN = NO;
				GCC_WARN_64_TO_32_BIT_CONVERSION = YES;
				GCC_WARN_ABOUT_RETURN_TYPE = YES_ERROR;
				GCC_WARN_UNDECLARED_SELECTOR = YES;
				GCC_WARN_UNINITIALIZED_AUTOS = YES_AGGRESSIVE;
				GCC_WARN_UNUSED_FUNCTION = YES;
				GCC_WARN_UNUSED_VARIABLE = YES;
				IPHONEOS_DEPLOYMENT_TARGET = 8.3;
				MTL_ENABLE_DEBUG_INFO = YES;
				ONLY_ACTIVE_ARCH = YES;
				SDKROOT = iphoneos;
			};
			name = Debug;
		};
		C3E8DD801AF7687E00329720 /* Release */ = {
			isa = XCBuildConfiguration;
			buildSettings = {
				ALWAYS_SEARCH_USER_PATHS = NO;
				CLANG_CXX_LANGUAGE_STANDARD = "gnu++0x";
				CLANG_CXX_LIBRARY = "libc++";
				CLANG_ENABLE_MODULES = YES;
				CLANG_ENABLE_OBJC_ARC = YES;
				CLANG_WARN_BOOL_CONVERSION = YES;
				CLANG_WARN_CONSTANT_CONVERSION = YES;
				CLANG_WARN_DIRECT_OBJC_ISA_USAGE = YES_ERROR;
				CLANG_WARN_EMPTY_BODY = YES;
				CLANG_WARN_ENUM_CONVERSION = YES;
				CLANG_WARN_INT_CONVERSION = YES;
				CLANG_WARN_OBJC_ROOT_CLASS = YES_ERROR;
				CLANG_WARN_UNREACHABLE_CODE = YES;
				CLANG_WARN__DUPLICATE_METHOD_MATCH = YES;
				"CODE_SIGN_IDENTITY[sdk=iphoneos*]" = "iPhone Developer";
				COPY_PHASE_STRIP = NO;
				DEBUG_INFORMATION_FORMAT = "dwarf-with-dsym";
				ENABLE_NS_ASSERTIONS = NO;
				ENABLE_STRICT_OBJC_MSGSEND = YES;
				GCC_C_LANGUAGE_STANDARD = gnu99;
				GCC_NO_COMMON_BLOCKS = YES;
				GCC_WARN_64_TO_32_BIT_CONVERSION = YES;
				GCC_WARN_ABOUT_RETURN_TYPE = YES_ERROR;
				GCC_WARN_UNDECLARED_SELECTOR = YES;
				GCC_WARN_UNINITIALIZED_AUTOS = YES_AGGRESSIVE;
				GCC_WARN_UNUSED_FUNCTION = YES;
				GCC_WARN_UNUSED_VARIABLE = YES;
				IPHONEOS_DEPLOYMENT_TARGET = 8.3;
				MTL_ENABLE_DEBUG_INFO = NO;
				SDKROOT = iphoneos;
				VALIDATE_PRODUCT = YES;
			};
			name = Release;
		};
		C3E8DD821AF7687E00329720 /* Debug */ = {
			isa = XCBuildConfiguration;
			baseConfigurationReference = 649A68E34DC9CF88E6BB57C8 /* Pods.debug.xcconfig */;
			buildSettings = {
				ASSETCATALOG_COMPILER_APPICON_NAME = AppIcon;
				CODE_SIGN_IDENTITY = "iPhone Developer";
				"CODE_SIGN_IDENTITY[sdk=iphoneos*]" = "iPhone Developer";
				INFOPLIST_FILE = MinimalNote/Info.plist;
				LD_RUNPATH_SEARCH_PATHS = "$(inherited) @executable_path/Frameworks";
				LIBRARY_SEARCH_PATHS = (
					"$(inherited)",
					"$(PROJECT_DIR)/MinimalNote",
				);
				PRODUCT_NAME = "$(TARGET_NAME)";
				PROVISIONING_PROFILE = "";
			};
			name = Debug;
		};
		C3E8DD831AF7687E00329720 /* Release */ = {
			isa = XCBuildConfiguration;
			baseConfigurationReference = 6AE6686FD8519C66152B8BE2 /* Pods.release.xcconfig */;
			buildSettings = {
				ASSETCATALOG_COMPILER_APPICON_NAME = AppIcon;
				CODE_SIGN_IDENTITY = "iPhone Developer";
				"CODE_SIGN_IDENTITY[sdk=iphoneos*]" = "iPhone Developer";
				INFOPLIST_FILE = MinimalNote/Info.plist;
				LD_RUNPATH_SEARCH_PATHS = "$(inherited) @executable_path/Frameworks";
				LIBRARY_SEARCH_PATHS = (
					"$(inherited)",
					"$(PROJECT_DIR)/MinimalNote",
				);
				PRODUCT_NAME = "$(TARGET_NAME)";
				PROVISIONING_PROFILE = "";
			};
			name = Release;
		};
/* End XCBuildConfiguration section */

/* Begin XCConfigurationList section */
		C3E8DD591AF7687E00329720 /* Build configuration list for PBXProject "MinimalNote" */ = {
			isa = XCConfigurationList;
			buildConfigurations = (
				C3E8DD7F1AF7687E00329720 /* Debug */,
				C3E8DD801AF7687E00329720 /* Release */,
			);
			defaultConfigurationIsVisible = 0;
			defaultConfigurationName = Release;
		};
		C3E8DD811AF7687E00329720 /* Build configuration list for PBXNativeTarget "MinimalNote" */ = {
			isa = XCConfigurationList;
			buildConfigurations = (
				C3E8DD821AF7687E00329720 /* Debug */,
				C3E8DD831AF7687E00329720 /* Release */,
			);
			defaultConfigurationIsVisible = 0;
			defaultConfigurationName = Release;
		};
/* End XCConfigurationList section */
	};
	rootObject = C3E8DD561AF7687E00329720 /* Project object */;
}
